
Microsoft Visual Studio Solution File, Format Version 12.00
# Visual Studio Version 17
VisualStudioVersion = 17.4.33110.190
MinimumVisualStudioVersion = 10.0.40219.1
Project("{9A19103F-16F7-4668-BE54-9A1E7A4F7556}") = "M01_Grundlagen", "Grundlagen\M01_Grundlagen.csproj", "{8A2D4411-4B63-46C5-B4D9-648A98AD8422}"
EndProject
Project("{9A19103F-16F7-4668-BE54-9A1E7A4F7556}") = "M02_Controls", "Controls\M02_Controls.csproj", "{092E503F-6A41-4D4E-9E6E-5C05E38D7BCF}"
EndProject
Project("{9A19103F-16F7-4668-BE54-9A1E7A4F7556}") = "Personendatenbank", "Personendatenbank\Personendatenbank.csproj", "{FBCBF191-48CC-4D83-94C3-7B142092F25A}"
EndProject
Project("{9A19103F-16F7-4668-BE54-9A1E7A4F7556}") = "M03_Container", "Container\M03_Container.csproj", "{EADC93BB-A132-4B26-BA88-A3153259967E}"
EndProject
Project("{9A19103F-16F7-4668-BE54-9A1E7A4F7556}") = "M04_EventRouting", "EventRouting\M04_EventRouting.csproj", "{9AFF49B1-889B-49C2-9744-F9A94C05C4F3}"
EndProject
Project("{9A19103F-16F7-4668-BE54-9A1E7A4F7556}") = "M05_PropertyBinding", "Bindings\M05_PropertyBinding.csproj", "{59238D8A-5C6A-4F6B-B93F-4C8357C3B1C1}"
EndProject
Project("{9A19103F-16F7-4668-BE54-9A1E7A4F7556}") = "ColorPicker", "ColorPicker\ColorPicker.csproj", "{3545014E-E401-4B95-8168-4CE4CC3E51AE}"
EndProject
Project("{9A19103F-16F7-4668-BE54-9A1E7A4F7556}") = "M06_DataBinding", "DataBinding\M06_DataBinding.csproj", "{F2029F2C-01EF-4EDD-BF85-80FC47B5CC94}"
EndProject
Project("{9A19103F-16F7-4668-BE54-9A1E7A4F7556}") = "M07_Resources_Styles", "Resources_Styles\M07_Resources_Styles.csproj", "{0A6534B7-2FF0-48AB-A047-0B394E30E57D}"
EndProject
Project("{9A19103F-16F7-4668-BE54-9A1E7A4F7556}") = "M08_Templates", "Templates\M08_Templates.csproj", "{83858D0C-B40E-42CE-92E9-BD5C374ED2D4}"
EndProject
Project("{9A19103F-16F7-4668-BE54-9A1E7A4F7556}") = "M09_Validation", "Validation\M09_Validation.csproj", "{E4E952E2-2063-43F9-890B-135E510F3A5E}"
EndProject
Project("{9A19103F-16F7-4668-BE54-9A1E7A4F7556}") = "M10_Trigger", "Trigger\M10_Trigger.csproj", "{BEB36C30-ED05-484A-910B-D22A053BEA5E}"
EndProject
Project("{9A19103F-16F7-4668-BE54-9A1E7A4F7556}") = "M11_UserControls", "UserControls\M11_UserControls.csproj", "{825FD11A-A880-4DD8-9968-2E6D57D94FC4}"
EndProject
Project("{FAE04EC0-301F-11D3-BF4B-00C04F79EFBC}") = "Commands", "Commands\Commands.csproj", "{6A7EBA2D-B4A7-4076-A085-468CDBB9E26F}"
EndProject
Project("{FAE04EC0-301F-11D3-BF4B-00C04F79EFBC}") = "MVVM", "MVVM\MVVM.csproj", "{E796D2CD-0763-4D4A-A623-ED1CC054B23F}"
EndProject
Global
	GlobalSection(SolutionConfigurationPlatforms) = preSolution
		Debug|Any CPU = Debug|Any CPU
		Release|Any CPU = Release|Any CPU
	EndGlobalSection
	GlobalSection(ProjectConfigurationPlatforms) = postSolution
		{8A2D4411-4B63-46C5-B4D9-648A98AD8422}.Debug|Any CPU.ActiveCfg = Debug|Any CPU
		{8A2D4411-4B63-46C5-B4D9-648A98AD8422}.Debug|Any CPU.Build.0 = Debug|Any CPU
		{8A2D4411-4B63-46C5-B4D9-648A98AD8422}.Release|Any CPU.ActiveCfg = Release|Any CPU
		{8A2D4411-4B63-46C5-B4D9-648A98AD8422}.Release|Any CPU.Build.0 = Release|Any CPU
		{092E503F-6A41-4D4E-9E6E-5C05E38D7BCF}.Debug|Any CPU.ActiveCfg = Debug|Any CPU
		{092E503F-6A41-4D4E-9E6E-5C05E38D7BCF}.Debug|Any CPU.Build.0 = Debug|Any CPU
		{092E503F-6A41-4D4E-9E6E-5C05E38D7BCF}.Release|Any CPU.ActiveCfg = Release|Any CPU
		{092E503F-6A41-4D4E-9E6E-5C05E38D7BCF}.Release|Any CPU.Build.0 = Release|Any CPU
		{FBCBF191-48CC-4D83-94C3-7B142092F25A}.Debug|Any CPU.ActiveCfg = Debug|Any CPU
		{FBCBF191-48CC-4D83-94C3-7B142092F25A}.Debug|Any CPU.Build.0 = Debug|Any CPU
		{FBCBF191-48CC-4D83-94C3-7B142092F25A}.Release|Any CPU.ActiveCfg = Release|Any CPU
		{FBCBF191-48CC-4D83-94C3-7B142092F25A}.Release|Any CPU.Build.0 = Release|Any CPU
		{EADC93BB-A132-4B26-BA88-A3153259967E}.Debug|Any CPU.ActiveCfg = Debug|Any CPU
		{EADC93BB-A132-4B26-BA88-A3153259967E}.Debug|Any CPU.Build.0 = Debug|Any CPU
		{EADC93BB-A132-4B26-BA88-A3153259967E}.Release|Any CPU.ActiveCfg = Release|Any CPU
		{EADC93BB-A132-4B26-BA88-A3153259967E}.Release|Any CPU.Build.0 = Release|Any CPU
		{9AFF49B1-889B-49C2-9744-F9A94C05C4F3}.Debug|Any CPU.ActiveCfg = Debug|Any CPU
		{9AFF49B1-889B-49C2-9744-F9A94C05C4F3}.Debug|Any CPU.Build.0 = Debug|Any CPU
		{9AFF49B1-889B-49C2-9744-F9A94C05C4F3}.Release|Any CPU.ActiveCfg = Release|Any CPU
		{9AFF49B1-889B-49C2-9744-F9A94C05C4F3}.Release|Any CPU.Build.0 = Release|Any CPU
		{59238D8A-5C6A-4F6B-B93F-4C8357C3B1C1}.Debug|Any CPU.ActiveCfg = Debug|Any CPU
		{59238D8A-5C6A-4F6B-B93F-4C8357C3B1C1}.Debug|Any CPU.Build.0 = Debug|Any CPU
		{59238D8A-5C6A-4F6B-B93F-4C8357C3B1C1}.Release|Any CPU.ActiveCfg = Release|Any CPU
		{59238D8A-5C6A-4F6B-B93F-4C8357C3B1C1}.Release|Any CPU.Build.0 = Release|Any CPU
		{3545014E-E401-4B95-8168-4CE4CC3E51AE}.Debug|Any CPU.ActiveCfg = Debug|Any CPU
		{3545014E-E401-4B95-8168-4CE4CC3E51AE}.Debug|Any CPU.Build.0 = Debug|Any CPU
		{3545014E-E401-4B95-8168-4CE4CC3E51AE}.Release|Any CPU.ActiveCfg = Release|Any CPU
		{3545014E-E401-4B95-8168-4CE4CC3E51AE}.Release|Any CPU.Build.0 = Release|Any CPU
		{F2029F2C-01EF-4EDD-BF85-80FC47B5CC94}.Debug|Any CPU.ActiveCfg = Debug|Any CPU
		{F2029F2C-01EF-4EDD-BF85-80FC47B5CC94}.Debug|Any CPU.Build.0 = Debug|Any CPU
		{F2029F2C-01EF-4EDD-BF85-80FC47B5CC94}.Release|Any CPU.ActiveCfg = Release|Any CPU
		{F2029F2C-01EF-4EDD-BF85-80FC47B5CC94}.Release|Any CPU.Build.0 = Release|Any CPU
		{0A6534B7-2FF0-48AB-A047-0B394E30E57D}.Debug|Any CPU.ActiveCfg = Debug|Any CPU
		{0A6534B7-2FF0-48AB-A047-0B394E30E57D}.Debug|Any CPU.Build.0 = Debug|Any CPU
		{0A6534B7-2FF0-48AB-A047-0B394E30E57D}.Release|Any CPU.ActiveCfg = Release|Any CPU
		{0A6534B7-2FF0-48AB-A047-0B394E30E57D}.Release|Any CPU.Build.0 = Release|Any CPU
		{83858D0C-B40E-42CE-92E9-BD5C374ED2D4}.Debug|Any CPU.ActiveCfg = Debug|Any CPU
		{83858D0C-B40E-42CE-92E9-BD5C374ED2D4}.Debug|Any CPU.Build.0 = Debug|Any CPU
		{83858D0C-B40E-42CE-92E9-BD5C374ED2D4}.Release|Any CPU.ActiveCfg = Release|Any CPU
		{83858D0C-B40E-42CE-92E9-BD5C374ED2D4}.Release|Any CPU.Build.0 = Release|Any CPU
		{E4E952E2-2063-43F9-890B-135E510F3A5E}.Debug|Any CPU.ActiveCfg = Debug|Any CPU
		{E4E952E2-2063-43F9-890B-135E510F3A5E}.Debug|Any CPU.Build.0 = Debug|Any CPU
		{E4E952E2-2063-43F9-890B-135E510F3A5E}.Release|Any CPU.ActiveCfg = Release|Any CPU
		{E4E952E2-2063-43F9-890B-135E510F3A5E}.Release|Any CPU.Build.0 = Release|Any CPU
		{BEB36C30-ED05-484A-910B-D22A053BEA5E}.Debug|Any CPU.ActiveCfg = Debug|Any CPU
		{BEB36C30-ED05-484A-910B-D22A053BEA5E}.Debug|Any CPU.Build.0 = Debug|Any CPU
		{BEB36C30-ED05-484A-910B-D22A053BEA5E}.Release|Any CPU.ActiveCfg = Release|Any CPU
		{BEB36C30-ED05-484A-910B-D22A053BEA5E}.Release|Any CPU.Build.0 = Release|Any CPU
		{825FD11A-A880-4DD8-9968-2E6D57D94FC4}.Debug|Any CPU.ActiveCfg = Debug|Any CPU
		{825FD11A-A880-4DD8-9968-2E6D57D94FC4}.Debug|Any CPU.Build.0 = Debug|Any CPU
		{825FD11A-A880-4DD8-9968-2E6D57D94FC4}.Release|Any CPU.ActiveCfg = Release|Any CPU
		{825FD11A-A880-4DD8-9968-2E6D57D94FC4}.Release|Any CPU.Build.0 = Release|Any CPU
		{6A7EBA2D-B4A7-4076-A085-468CDBB9E26F}.Debug|Any CPU.ActiveCfg = Debug|Any CPU
		{6A7EBA2D-B4A7-4076-A085-468CDBB9E26F}.Debug|Any CPU.Build.0 = Debug|Any CPU
		{6A7EBA2D-B4A7-4076-A085-468CDBB9E26F}.Release|Any CPU.ActiveCfg = Release|Any CPU
		{6A7EBA2D-B4A7-4076-A085-468CDBB9E26F}.Release|Any CPU.Build.0 = Release|Any CPU
		{E796D2CD-0763-4D4A-A623-ED1CC054B23F}.Debug|Any CPU.ActiveCfg = Debug|Any CPU
		{E796D2CD-0763-4D4A-A623-ED1CC054B23F}.Debug|Any CPU.Build.0 = Debug|Any CPU
		{E796D2CD-0763-4D4A-A623-ED1CC054B23F}.Release|Any CPU.ActiveCfg = Release|Any CPU
		{E796D2CD-0763-4D4A-A623-ED1CC054B23F}.Release|Any CPU.Build.0 = Release|Any CPU
	EndGlobalSection
	GlobalSection(SolutionProperties) = preSolution
		HideSolutionNode = FALSE
	EndGlobalSection
	GlobalSection(ExtensibilityGlobals) = postSolution
		SolutionGuid = {D595376D-B9E1-430A-8791-EFED5A69E379}
	EndGlobalSection
EndGlobal
